{
  "requires": true,
  "lockfileVersion": 1,
  "dependencies": {
    "vue-axios": {
      "version": "3.4.0",
      "resolved": "https://registry.npmmirror.com/vue-axios/download/vue-axios-3.4.0.tgz?cache=0&sync_timestamp=1636109721633&other_urls=https%3A%2F%2Fregistry.npmmirror.com%2Fvue-axios%2Fdownload%2Fvue-axios-3.4.0.tgz",
      "integrity": "sha1-BZ1/y+g/eGzaJOlQExcXRzaSezc="
    }
  }
}
